
Microsoft Visual Studio Solution File, Format Version 12.00
# Visual Studio Version 17
VisualStudioVersion = 17.14.37710.0 d17.14
MinimumVisualStudioVersion = 10.0.40219.1
Project("{FAE04EC0-301F-11D3-BF4B-00C04F79EFBC}") = "AutoMLAnimalsImages", "AutoMLAnimalsImages\AutoMLAnimalsImages.csproj", "{B834109C-A980-40B2-AA86-7F0EC57B50F8}"
EndProject
Project("{FAE04EC0-301F-11D3-BF4B-00C04F79EFBC}") = "AnimalsAutoML_ConsoleApp1", "AnimalsAutoML_ConsoleApp1\AnimalsAutoML_ConsoleApp1.csproj", "{C80B4F16-1D15-B452-AD6C-7881145E07A4}"
EndProject
Global
	GlobalSection(SolutionConfigurationPlatforms) = preSolution
		Debug|Any CPU = Debug|Any CPU
		Release|Any CPU = Release|Any CPU
	EndGlobalSection
	GlobalSection(ProjectConfigurationPlatforms) = postSolution
		{B834109C-A980-40B2-AA86-7F0EC57B50F8}.Debug|Any CPU.ActiveCfg = Debug|Any CPU
		{B834109C-A980-40B2-AA86-7F0EC57B50F8}.Debug|Any CPU.Build.0 = Debug|Any CPU
		{B834109C-A980-40B2-AA86-7F0EC57B50F8}.Release|Any CPU.ActiveCfg = Release|Any CPU
		{B834109C-A980-40B2-AA86-7F0EC57B50F8}.Release|Any CPU.Build.0 = Release|Any CPU
		{C80B4F16-1D15-B452-AD6C-7881145E07A4}.Debug|Any CPU.ActiveCfg = Debug|Any CPU
		{C80B4F16-1D15-B452-AD6C-7881145E07A4}.Debug|Any CPU.Build.0 = Debug|Any CPU
		{C80B4F16-1D15-B452-AD6C-7881145E07A4}.Release|Any CPU.ActiveCfg = Release|Any CPU
		{C80B4F16-1D15-B452-AD6C-7881145E07A4}.Release|Any CPU.Build.0 = Release|Any CPU
	EndGlobalSection
	GlobalSection(SolutionProperties) = preSolution
		HideSolutionNode = FALSE
	EndGlobalSection
	GlobalSection(ExtensibilityGlobals) = postSolution
		SolutionGuid = {C8C22FB2-F3F7-405F-9EF6-C871CF29DC9C}
	EndGlobalSection
EndGlobal
